
Microsoft Visual Studio Solution File, Format Version 12.00
# Visual Studio Version 17
VisualStudioVersion = 17.6.33815.320
MinimumVisualStudioVersion = 10.0.40219.1
Project("{FAE04EC0-301F-11D3-BF4B-00C04F79EFBC}") = "henger", "henger\henger.csproj", "{6881B6A9-714D-4174-97F7-DEED2FADF9B7}"
EndProject
Global
	GlobalSection(SolutionConfigurationPlatforms) = preSolution
		Debug|Any CPU = Debug|Any CPU
		Release|Any CPU = Release|Any CPU
	EndGlobalSection
	GlobalSection(ProjectConfigurationPlatforms) = postSolution
		{6881B6A9-714D-4174-97F7-DEED2FADF9B7}.Debug|Any CPU.ActiveCfg = Debug|Any CPU
		{6881B6A9-714D-4174-97F7-DEED2FADF9B7}.Debug|Any CPU.Build.0 = Debug|Any CPU
		{6881B6A9-714D-4174-97F7-DEED2FADF9B7}.Release|Any CPU.ActiveCfg = Release|Any CPU
		{6881B6A9-714D-4174-97F7-DEED2FADF9B7}.Release|Any CPU.Build.0 = Release|Any CPU
	EndGlobalSection
	GlobalSection(SolutionProperties) = preSolution
		HideSolutionNode = FALSE
	EndGlobalSection
	GlobalSection(ExtensibilityGlobals) = postSolution
		SolutionGuid = {CC76FA6E-15C3-40EB-AB2D-51D586F53DBF}
	EndGlobalSection
EndGlobal
